
Microsoft Visual Studio Solution File, Format Version 12.00
# Visual Studio Version 16
VisualStudioVersion = 16.0.32929.386
MinimumVisualStudioVersion = 10.0.40219.1
Project("{9A19103F-16F7-4668-BE54-9A1E7A4F7556}") = "LawnMowingMachine", "LawnMowingMachine\LawnMowingMachine.csproj", "{56286D35-DC5C-4001-AE87-0DBE8C142C36}"
EndProject
Project("{FAE04EC0-301F-11D3-BF4B-00C04F79EFBC}") = "LawnMowingMachineTest", "LawnMowingMachineTest\LawnMowingMachineTest.csproj", "{CF48AFCB-4BB3-4A8D-9964-CC1CFED962F1}"
EndProject
Global
	GlobalSection(SolutionConfigurationPlatforms) = preSolution
		Debug|Any CPU = Debug|Any CPU
		Release|Any CPU = Release|Any CPU
	EndGlobalSection
	GlobalSection(ProjectConfigurationPlatforms) = postSolution
		{56286D35-DC5C-4001-AE87-0DBE8C142C36}.Debug|Any CPU.ActiveCfg = Debug|Any CPU
		{56286D35-DC5C-4001-AE87-0DBE8C142C36}.Debug|Any CPU.Build.0 = Debug|Any CPU
		{56286D35-DC5C-4001-AE87-0DBE8C142C36}.Release|Any CPU.ActiveCfg = Release|Any CPU
		{56286D35-DC5C-4001-AE87-0DBE8C142C36}.Release|Any CPU.Build.0 = Release|Any CPU
		{CF48AFCB-4BB3-4A8D-9964-CC1CFED962F1}.Debug|Any CPU.ActiveCfg = Debug|Any CPU
		{CF48AFCB-4BB3-4A8D-9964-CC1CFED962F1}.Debug|Any CPU.Build.0 = Debug|Any CPU
		{CF48AFCB-4BB3-4A8D-9964-CC1CFED962F1}.Release|Any CPU.ActiveCfg = Release|Any CPU
		{CF48AFCB-4BB3-4A8D-9964-CC1CFED962F1}.Release|Any CPU.Build.0 = Release|Any CPU
	EndGlobalSection
	GlobalSection(SolutionProperties) = preSolution
		HideSolutionNode = FALSE
	EndGlobalSection
	GlobalSection(ExtensibilityGlobals) = postSolution
		SolutionGuid = {4C51A29A-FF43-433D-9DCC-39907CA2357D}
	EndGlobalSection
EndGlobal
